
Microsoft Visual Studio Solution File, Format Version 12.00
# Visual Studio Version 17
VisualStudioVersion = 17.0.31903.59
MinimumVisualStudioVersion = 10.0.40219.1
Project("{FAE04EC0-301F-11D3-BF4B-00C04F79EFBC}") = "ZomniverseGitPet", "src\ZomniverseGitPet\ZomniverseGitPet.csproj", "{A6170285-05E7-4EA9-BEBF-6789DE664B06}"
EndProject
Project("{FAE04EC0-301F-11D3-BF4B-00C04F79EFBC}") = "ZomniverseGitPet.Tests", "tests\ZomniverseGitPet.Tests\ZomniverseGitPet.Tests.csproj", "{88C62148-068E-44C3-AC8D-A88FF769B036}"
EndProject
Global
	GlobalSection(SolutionConfigurationPlatforms) = preSolution
		Debug|Any CPU = Debug|Any CPU
		Release|Any CPU = Release|Any CPU
	EndGlobalSection
	GlobalSection(ProjectConfigurationPlatforms) = postSolution
		{A6170285-05E7-4EA9-BEBF-6789DE664B06}.Debug|Any CPU.ActiveCfg = Debug|Any CPU
		{A6170285-05E7-4EA9-BEBF-6789DE664B06}.Debug|Any CPU.Build.0 = Debug|Any CPU
		{A6170285-05E7-4EA9-BEBF-6789DE664B06}.Release|Any CPU.ActiveCfg = Release|Any CPU
		{A6170285-05E7-4EA9-BEBF-6789DE664B06}.Release|Any CPU.Build.0 = Release|Any CPU
		{88C62148-068E-44C3-AC8D-A88FF769B036}.Debug|Any CPU.ActiveCfg = Debug|Any CPU
		{88C62148-068E-44C3-AC8D-A88FF769B036}.Debug|Any CPU.Build.0 = Debug|Any CPU
		{88C62148-068E-44C3-AC8D-A88FF769B036}.Release|Any CPU.ActiveCfg = Release|Any CPU
		{88C62148-068E-44C3-AC8D-A88FF769B036}.Release|Any CPU.Build.0 = Release|Any CPU
	EndGlobalSection
EndGlobal

